{
  "name": "gtav-server",
  "version": "1.0.0",
  "lockfileVersion": 1,
  "requires": true,
  "dependencies": {
    "@types/ragemp-s": {
      "version": "github:CocaColaBear/types-ragemp-s#cf1a28fbba6ecb91e6c64fea991dd9cb9bc1228c",
      "from": "github:CocaColaBear/types-ragemp-s#master",
      "dev": true
    }
  }
}
